PODS:
  - Alamofire (4.9.1)
  - ZappCore (0.5.0)
  - ZappLoginPluginsSDK (10.0.0):
    - Alamofire
    - ZappPlugins
  - ZappPlugins (11.3.0):
    - ZappCore

DEPENDENCIES:
  - ZappLoginPluginsSDK
  - ZappPlugins

SPEC REPOS:
  "git@github.com:applicaster/CocoaPods-Private.git":
    - ZappLoginPluginsSDK
  "git@github.com:applicaster/CocoaPods.git":
    - ZappCore
    - ZappPlugins
  trunk:
    - Alamofire

SPEC CHECKSUMS:
  Alamofire: 85e8a02c69d6020a0d734f6054870d7ecb75cf18
  ZappCore: f92ff80112b8dfac6ebba117b393df0665e93241
  ZappLoginPluginsSDK: c3878278931d1b3da58cf7d8afafd6aed2a9c66d
  ZappPlugins: 3a6592c577790586d519b021dcc143bab15bf49c

PODFILE CHECKSUM: 32df67deae606cc511b18b1a723cade4a4ab078f

COCOAPODS: 1.8.4
