// !$*UTF8*$!
{
	archiveVersion = 1;
	classes = {
	};
	objectVersion = 51;
	objects = {

/* Begin PBXBuildFile section */
		641DF578DBAB7DCDC55FDB99 /* Pods_DIRTVisionInplayerWebviewLoginTests.framework in Frameworks */ = {isa = PBXBuildFile; fileRef = F42A623C1F22ED1B236AA580 /* Pods_DIRTVisionInplayerWebviewLoginTests.framework */; };
		6A310F9B21FA080B00FAFA0C /* DIRTVisionInplayerWebviewLogin.swift in Sources */ = {isa = PBXBuildFile; fileRef = 6A310F9921FA080B00FAFA0C /* DIRTVisionInplayerWebviewLogin.swift */; };
		6A310F9C21FA080B00FAFA0C /* InPlayerWebviewLogin.h in Headers */ = {isa = PBXBuildFile; fileRef = 6A310F9A21FA080B00FAFA0C /* InPlayerWebviewLogin.h */; settings = {ATTRIBUTES = (Public, ); }; };
		6A310F9E21FA086700FAFA0C /* DIRTVisionInplayerWebviewLoginTests.swift in Sources */ = {isa = PBXBuildFile; fileRef = 6A310F9D21FA086700FAFA0C /* DIRTVisionInplayerWebviewLoginTests.swift */; };
		6A682179235F06F00048DD11 /* APIClient.swift in Sources */ = {isa = PBXBuildFile; fileRef = 6A682177235F06F00048DD11 /* APIClient.swift */; };
		6A68217A235F06F00048DD11 /* Storage.swift in Sources */ = {isa = PBXBuildFile; fileRef = 6A682178235F06F00048DD11 /* Storage.swift */; };
		6A797533216BB99100CF6A80 /* DIRTVisionInplayerWebviewLogin.framework in Frameworks */ = {isa = PBXBuildFile; fileRef = 6A797529216BB99000CF6A80 /* DIRTVisionInplayerWebviewLogin.framework */; };
		6A95C0F9233A6C5400819FAF /* InPlayerWebViewController.swift in Sources */ = {isa = PBXBuildFile; fileRef = 6A95C0F5233A6C5400819FAF /* InPlayerWebViewController.swift */; };
		6A95C0FA233A6C5400819FAF /* FullScreenWKWebView.swift in Sources */ = {isa = PBXBuildFile; fileRef = 6A95C0F6233A6C5400819FAF /* FullScreenWKWebView.swift */; };
		6A95C0FB233A6C5400819FAF /* Constants.swift in Sources */ = {isa = PBXBuildFile; fileRef = 6A95C0F7233A6C5400819FAF /* Constants.swift */; };
		6A95C100233A6C6900819FAF /* av_close_btn.png in Resources */ = {isa = PBXBuildFile; fileRef = 6A95C0FC233A6C6900819FAF /* av_close_btn.png */; };
		6A95C101233A6C6900819FAF /* InPlayerWebViewController.xib in Resources */ = {isa = PBXBuildFile; fileRef = 6A95C0FD233A6C6900819FAF /* InPlayerWebViewController.xib */; };
		6A95C102233A6C6900819FAF /* av_close_btn@3x.png in Resources */ = {isa = PBXBuildFile; fileRef = 6A95C0FE233A6C6900819FAF /* av_close_btn@3x.png */; };
		6A95C103233A6C6900819FAF /* av_close_btn@2x.png in Resources */ = {isa = PBXBuildFile; fileRef = 6A95C0FF233A6C6900819FAF /* av_close_btn@2x.png */; };
		9C8FA5E70E49A46DDFD75B02 /* Pods_DIRTVisionInplayerWebviewLogin.framework in Frameworks */ = {isa = PBXBuildFile; fileRef = 23CB38E388B1C16E5E2320A9 /* Pods_DIRTVisionInplayerWebviewLogin.framework */; };
/* End PBXBuildFile section */

/* Begin PBXContainerItemProxy section */
		6A797534216BB99100CF6A80 /* PBXContainerItemProxy */ = {
			isa = PBXContainerItemProxy;
			containerPortal = 6A797520216BB99000CF6A80 /* Project object */;
			proxyType = 1;
			remoteGlobalIDString = 6A797528216BB99000CF6A80;
			remoteInfo = RanSportScreenPlugins;
		};
/* End PBXContainerItemProxy section */

/* Begin PBXFileReference section */
		0E3601382B55B66B49FB12E5 /* Pods-DIRTVisionInplayerWebviewLoginTests.debug.xcconfig */ = {isa = PBXFileReference; includeInIndex = 1; lastKnownFileType = text.xcconfig; name = "Pods-DIRTVisionInplayerWebviewLoginTests.debug.xcconfig"; path = "Target Support Files/Pods-DIRTVisionInplayerWebviewLoginTests/Pods-DIRTVisionInplayerWebviewLoginTests.debug.xcconfig"; sourceTree = "<group>"; };
		23CB38E388B1C16E5E2320A9 /* Pods_DIRTVisionInplayerWebviewLogin.framework */ = {isa = PBXFileReference; explicitFileType = wrapper.framework; includeInIndex = 0; path = Pods_DIRTVisionInplayerWebviewLogin.framework; sourceTree = BUILT_PRODUCTS_DIR; };
		28E3E4675E3530C8C9F5AAEE /* Pods-DIRTVisionInplayerWebviewLoginTests.release.xcconfig */ = {isa = PBXFileReference; includeInIndex = 1; lastKnownFileType = text.xcconfig; name = "Pods-DIRTVisionInplayerWebviewLoginTests.release.xcconfig"; path = "Target Support Files/Pods-DIRTVisionInplayerWebviewLoginTests/Pods-DIRTVisionInplayerWebviewLoginTests.release.xcconfig"; sourceTree = "<group>"; };
		5A916C591BC27A8FF163B5F4 /* Pods_RanSportScreenPlugins.framework */ = {isa = PBXFileReference; explicitFileType = wrapper.framework; includeInIndex = 0; path = Pods_RanSportScreenPlugins.framework; sourceTree = BUILT_PRODUCTS_DIR; };
		63ACD75901733919B56450EB /* Pods_RanSportScreenPluginsTests.framework */ = {isa = PBXFileReference; explicitFileType = wrapper.framework; includeInIndex = 0; path = Pods_RanSportScreenPluginsTests.framework; sourceTree = BUILT_PRODUCTS_DIR; };
		6A310F9921FA080B00FAFA0C /* DIRTVisionInplayerWebviewLogin.swift */ = {isa = PBXFileReference; fileEncoding = 4; lastKnownFileType = sourcecode.swift; path = DIRTVisionInplayerWebviewLogin.swift; sourceTree = "<group>"; };
		6A310F9A21FA080B00FAFA0C /* InPlayerWebviewLogin.h */ = {isa = PBXFileReference; fileEncoding = 4; lastKnownFileType = sourcecode.c.h; path = InPlayerWebviewLogin.h; sourceTree = "<group>"; };
		6A310F9D21FA086700FAFA0C /* DIRTVisionInplayerWebviewLoginTests.swift */ = {isa = PBXFileReference; fileEncoding = 4; lastKnownFileType = sourcecode.swift; path = DIRTVisionInplayerWebviewLoginTests.swift; sourceTree = "<group>"; };
		6A682177235F06F00048DD11 /* APIClient.swift */ = {isa = PBXFileReference; fileEncoding = 4; lastKnownFileType = sourcecode.swift; path = APIClient.swift; sourceTree = "<group>"; };
		6A682178235F06F00048DD11 /* Storage.swift */ = {isa = PBXFileReference; fileEncoding = 4; lastKnownFileType = sourcecode.swift; path = Storage.swift; sourceTree = "<group>"; };
		6A797529216BB99000CF6A80 /* DIRTVisionInplayerWebviewLogin.framework */ = {isa = PBXFileReference; explicitFileType = wrapper.framework; includeInIndex = 0; path = DIRTVisionInplayerWebviewLogin.framework; sourceTree = BUILT_PRODUCTS_DIR; };
		6A79752D216BB99000CF6A80 /* Info.plist */ = {isa = PBXFileReference; lastKnownFileType = text.plist.xml; path = Info.plist; sourceTree = "<group>"; };
		6A797532216BB99100CF6A80 /* DIRTVisionInplayerWebviewLoginTests.xctest */ = {isa = PBXFileReference; explicitFileType = wrapper.cfbundle; includeInIndex = 0; path = DIRTVisionInplayerWebviewLoginTests.xctest; sourceTree = BUILT_PRODUCTS_DIR; };
		6A797539216BB99100CF6A80 /* Info.plist */ = {isa = PBXFileReference; lastKnownFileType = text.plist.xml; path = Info.plist; sourceTree = "<group>"; };
		6A95C0F5233A6C5400819FAF /* InPlayerWebViewController.swift */ = {isa = PBXFileReference; fileEncoding = 4; lastKnownFileType = sourcecode.swift; path = InPlayerWebViewController.swift; sourceTree = "<group>"; };
		6A95C0F6233A6C5400819FAF /* FullScreenWKWebView.swift */ = {isa = PBXFileReference; fileEncoding = 4; lastKnownFileType = sourcecode.swift; path = FullScreenWKWebView.swift; sourceTree = "<group>"; };
		6A95C0F7233A6C5400819FAF /* Constants.swift */ = {isa = PBXFileReference; fileEncoding = 4; lastKnownFileType = sourcecode.swift; path = Constants.swift; sourceTree = "<group>"; };
		6A95C0FC233A6C6900819FAF /* av_close_btn.png */ = {isa = PBXFileReference; lastKnownFileType = image.png; path = av_close_btn.png; sourceTree = "<group>"; };
		6A95C0FD233A6C6900819FAF /* InPlayerWebViewController.xib */ = {isa = PBXFileReference; fileEncoding = 4; lastKnownFileType = file.xib; path = InPlayerWebViewController.xib; sourceTree = "<group>"; };
		6A95C0FE233A6C6900819FAF /* av_close_btn@3x.png */ = {isa = PBXFileReference; lastKnownFileType = image.png; path = "av_close_btn@3x.png"; sourceTree = "<group>"; };
		6A95C0FF233A6C6900819FAF /* av_close_btn@2x.png */ = {isa = PBXFileReference; lastKnownFileType = image.png; path = "av_close_btn@2x.png"; sourceTree = "<group>"; };
		D42D26863D25EBD2A7F4F374 /* Pods-DIRTVisionInplayerWebviewLogin.release.xcconfig */ = {isa = PBXFileReference; includeInIndex = 1; lastKnownFileType = text.xcconfig; name = "Pods-DIRTVisionInplayerWebviewLogin.release.xcconfig"; path = "Target Support Files/Pods-DIRTVisionInplayerWebviewLogin/Pods-DIRTVisionInplayerWebviewLogin.release.xcconfig"; sourceTree = "<group>"; };
		D85EA1E94F51ED1A8C307C65 /* Pods-DIRTVisionInplayerWebviewLogin.debug.xcconfig */ = {isa = PBXFileReference; includeInIndex = 1; lastKnownFileType = text.xcconfig; name = "Pods-DIRTVisionInplayerWebviewLogin.debug.xcconfig"; path = "Target Support Files/Pods-DIRTVisionInplayerWebviewLogin/Pods-DIRTVisionInplayerWebviewLogin.debug.xcconfig"; sourceTree = "<group>"; };
		E08B6D27BAD2684A252CBFB2 /* Pods_ExtendedWebView.framework */ = {isa = PBXFileReference; explicitFileType = wrapper.framework; includeInIndex = 0; path = Pods_ExtendedWebView.framework; sourceTree = BUILT_PRODUCTS_DIR; };
		F42A623C1F22ED1B236AA580 /* Pods_DIRTVisionInplayerWebviewLoginTests.framework */ = {isa = PBXFileReference; explicitFileType = wrapper.framework; includeInIndex = 0; path = Pods_DIRTVisionInplayerWebviewLoginTests.framework; sourceTree = BUILT_PRODUCTS_DIR; };
/* End PBXFileReference section */

/* Begin PBXFrameworksBuildPhase section */
		6A797525216BB99000CF6A80 /* Frameworks */ = {
			isa = PBXFrameworksBuildPhase;
			buildActionMask = 2147483647;
			files = (
				9C8FA5E70E49A46DDFD75B02 /* Pods_DIRTVisionInplayerWebviewLogin.framework in Frameworks */,
			);
			runOnlyForDeploymentPostprocessing = 0;
		};
		6A79752F216BB99100CF6A80 /* Frameworks */ = {
			isa = PBXFrameworksBuildPhase;
			buildActionMask = 2147483647;
			files = (
				6A797533216BB99100CF6A80 /* DIRTVisionInplayerWebviewLogin.framework in Frameworks */,
				641DF578DBAB7DCDC55FDB99 /* Pods_DIRTVisionInplayerWebviewLoginTests.framework in Frameworks */,
			);
			runOnlyForDeploymentPostprocessing = 0;
		};
/* End PBXFrameworksBuildPhase section */

/* Begin PBXGroup section */
		00337F2F348F290CE70A4F6A /* Frameworks */ = {
			isa = PBXGroup;
			children = (
				5A916C591BC27A8FF163B5F4 /* Pods_RanSportScreenPlugins.framework */,
				63ACD75901733919B56450EB /* Pods_RanSportScreenPluginsTests.framework */,
				E08B6D27BAD2684A252CBFB2 /* Pods_ExtendedWebView.framework */,
				23CB38E388B1C16E5E2320A9 /* Pods_DIRTVisionInplayerWebviewLogin.framework */,
				F42A623C1F22ED1B236AA580 /* Pods_DIRTVisionInplayerWebviewLoginTests.framework */,
			);
			name = Frameworks;
			sourceTree = "<group>";
		};
		5C8FD29ACC4BB215B03C1F31 /* Pods */ = {
			isa = PBXGroup;
			children = (
				D85EA1E94F51ED1A8C307C65 /* Pods-DIRTVisionInplayerWebviewLogin.debug.xcconfig */,
				D42D26863D25EBD2A7F4F374 /* Pods-DIRTVisionInplayerWebviewLogin.release.xcconfig */,
				0E3601382B55B66B49FB12E5 /* Pods-DIRTVisionInplayerWebviewLoginTests.debug.xcconfig */,
				28E3E4675E3530C8C9F5AAEE /* Pods-DIRTVisionInplayerWebviewLoginTests.release.xcconfig */,
			);
			path = Pods;
			sourceTree = "<group>";
		};
		6A79751F216BB99000CF6A80 = {
			isa = PBXGroup;
			children = (
				6A79752B216BB99000CF6A80 /* DIRTVisionInplayerWebviewLogin */,
				6A797536216BB99100CF6A80 /* DIRTVisionInplayerWebviewLoginTests */,
				6A79752A216BB99000CF6A80 /* Products */,
				00337F2F348F290CE70A4F6A /* Frameworks */,
				5C8FD29ACC4BB215B03C1F31 /* Pods */,
			);
			sourceTree = "<group>";
		};
		6A79752A216BB99000CF6A80 /* Products */ = {
			isa = PBXGroup;
			children = (
				6A797529216BB99000CF6A80 /* DIRTVisionInplayerWebviewLogin.framework */,
				6A797532216BB99100CF6A80 /* DIRTVisionInplayerWebviewLoginTests.xctest */,
			);
			name = Products;
			sourceTree = "<group>";
		};
		6A79752B216BB99000CF6A80 /* DIRTVisionInplayerWebviewLogin */ = {
			isa = PBXGroup;
			children = (
				6A310F9A21FA080B00FAFA0C /* InPlayerWebviewLogin.h */,
				6A682177235F06F00048DD11 /* APIClient.swift */,
				6A682178235F06F00048DD11 /* Storage.swift */,
				6A95C0F7233A6C5400819FAF /* Constants.swift */,
				6A95C0F6233A6C5400819FAF /* FullScreenWKWebView.swift */,
				6A95C0F5233A6C5400819FAF /* InPlayerWebViewController.swift */,
				6A310F9921FA080B00FAFA0C /* DIRTVisionInplayerWebviewLogin.swift */,
				6A79752D216BB99000CF6A80 /* Info.plist */,
				6A95C0FC233A6C6900819FAF /* av_close_btn.png */,
				6A95C0FF233A6C6900819FAF /* av_close_btn@2x.png */,
				6A95C0FE233A6C6900819FAF /* av_close_btn@3x.png */,
				6A95C0FD233A6C6900819FAF /* InPlayerWebViewController.xib */,
			);
			path = DIRTVisionInplayerWebviewLogin;
			sourceTree = "<group>";
		};
		6A797536216BB99100CF6A80 /* DIRTVisionInplayerWebviewLoginTests */ = {
			isa = PBXGroup;
			children = (
				6A310F9D21FA086700FAFA0C /* DIRTVisionInplayerWebviewLoginTests.swift */,
				6A797539216BB99100CF6A80 /* Info.plist */,
			);
			path = DIRTVisionInplayerWebviewLoginTests;
			sourceTree = "<group>";
		};
/* End PBXGroup section */

/* Begin PBXHeadersBuildPhase section */
		6A797526216BB99000CF6A80 /* Headers */ = {
			isa = PBXHeadersBuildPhase;
			buildActionMask = 2147483647;
			files = (
				6A310F9C21FA080B00FAFA0C /* InPlayerWebviewLogin.h in Headers */,
			);
			runOnlyForDeploymentPostprocessing = 0;
		};
/* End PBXHeadersBuildPhase section */

/* Begin PBXNativeTarget section */
		6A797528216BB99000CF6A80 /* DIRTVisionInplayerWebviewLogin */ = {
			isa = PBXNativeTarget;
			buildConfigurationList = 6A79753D216BB99100CF6A80 /* Build configuration list for PBXNativeTarget "DIRTVisionInplayerWebviewLogin" */;
			buildPhases = (
				7CD44BC90A5063AD88427811 /* [CP] Check Pods Manifest.lock */,
				6A797524216BB99000CF6A80 /* Sources */,
				6A797525216BB99000CF6A80 /* Frameworks */,
				6A797526216BB99000CF6A80 /* Headers */,
				6A797527216BB99000CF6A80 /* Resources */,
			);
			buildRules = (
			);
			dependencies = (
			);
			name = DIRTVisionInplayerWebviewLogin;
			productName = RanSportScreenPlugins;
			productReference = 6A797529216BB99000CF6A80 /* DIRTVisionInplayerWebviewLogin.framework */;
			productType = "com.apple.product-type.framework";
		};
		6A797531216BB99100CF6A80 /* DIRTVisionInplayerWebviewLoginTests */ = {
			isa = PBXNativeTarget;
			buildConfigurationList = 6A797540216BB99100CF6A80 /* Build configuration list for PBXNativeTarget "DIRTVisionInplayerWebviewLoginTests" */;
			buildPhases = (
				573085A87153C9DF65B1AD69 /* [CP] Check Pods Manifest.lock */,
				6A79752E216BB99100CF6A80 /* Sources */,
				6A79752F216BB99100CF6A80 /* Frameworks */,
				6A797530216BB99100CF6A80 /* Resources */,
				60712EABC46E97100FCEABBD /* [CP] Embed Pods Frameworks */,
			);
			buildRules = (
			);
			dependencies = (
				6A797535216BB99100CF6A80 /* PBXTargetDependency */,
			);
			name = DIRTVisionInplayerWebviewLoginTests;
			productName = RanSportScreenPluginsTests;
			productReference = 6A797532216BB99100CF6A80 /* DIRTVisionInplayerWebviewLoginTests.xctest */;
			productType = "com.apple.product-type.bundle.unit-test";
		};
/* End PBXNativeTarget section */

/* Begin PBXProject section */
		6A797520216BB99000CF6A80 /* Project object */ = {
			isa = PBXProject;
			attributes = {
				LastSwiftUpdateCheck = 0930;
				LastUpgradeCheck = 0930;
				ORGANIZATIONNAME = Applicaster;
				TargetAttributes = {
					6A797528216BB99000CF6A80 = {
						CreatedOnToolsVersion = 9.3;
						LastSwiftMigration = 0930;
					};
					6A797531216BB99100CF6A80 = {
						CreatedOnToolsVersion = 9.3;
					};
				};
			};
			buildConfigurationList = 6A797523216BB99000CF6A80 /* Build configuration list for PBXProject "DIRTVisionInplayerWebviewLogin" */;
			compatibilityVersion = "Xcode 9.3";
			developmentRegion = en;
			hasScannedForEncodings = 0;
			knownRegions = (
				en,
			);
			mainGroup = 6A79751F216BB99000CF6A80;
			productRefGroup = 6A79752A216BB99000CF6A80 /* Products */;
			projectDirPath = "";
			projectRoot = "";
			targets = (
				6A797528216BB99000CF6A80 /* DIRTVisionInplayerWebviewLogin */,
				6A797531216BB99100CF6A80 /* DIRTVisionInplayerWebviewLoginTests */,
			);
		};
/* End PBXProject section */

/* Begin PBXResourcesBuildPhase section */
		6A797527216BB99000CF6A80 /* Resources */ = {
			isa = PBXResourcesBuildPhase;
			buildActionMask = 2147483647;
			files = (
				6A95C100233A6C6900819FAF /* av_close_btn.png in Resources */,
				6A95C101233A6C6900819FAF /* InPlayerWebViewController.xib in Resources */,
				6A95C102233A6C6900819FAF /* av_close_btn@3x.png in Resources */,
				6A95C103233A6C6900819FAF /* av_close_btn@2x.png in Resources */,
			);
			runOnlyForDeploymentPostprocessing = 0;
		};
		6A797530216BB99100CF6A80 /* Resources */ = {
			isa = PBXResourcesBuildPhase;
			buildActionMask = 2147483647;
			files = (
			);
			runOnlyForDeploymentPostprocessing = 0;
		};
/* End PBXResourcesBuildPhase section */

/* Begin PBXShellScriptBuildPhase section */
		573085A87153C9DF65B1AD69 /* [CP] Check Pods Manifest.lock */ = {
			isa = PBXShellScriptBuildPhase;
			buildActionMask = 2147483647;
			files = (
			);
			inputPaths = (
				"${PODS_PODFILE_DIR_PATH}/Podfile.lock",
				"${PODS_ROOT}/Manifest.lock",
			);
			name = "[CP] Check Pods Manifest.lock";
			outputPaths = (
				"$(DERIVED_FILE_DIR)/Pods-DIRTVisionInplayerWebviewLoginTests-checkManifestLockResult.txt",
			);
			runOnlyForDeploymentPostprocessing = 0;
			shellPath = /bin/sh;
			shellScript = "diff \"${PODS_PODFILE_DIR_PATH}/Podfile.lock\" \"${PODS_ROOT}/Manifest.lock\" > /dev/null\nif [ $? != 0 ] ; then\n    # print error to STDERR\n    echo \"error: The sandbox is not in sync with the Podfile.lock. Run 'pod install' or update your CocoaPods installation.\" >&2\n    exit 1\nfi\n# This output is used by Xcode 'outputs' to avoid re-running this script phase.\necho \"SUCCESS\" > \"${SCRIPT_OUTPUT_FILE_0}\"\n";
			showEnvVarsInLog = 0;
		};
		60712EABC46E97100FCEABBD /* [CP] Embed Pods Frameworks */ = {
			isa = PBXShellScriptBuildPhase;
			buildActionMask = 2147483647;
			files = (
			);
			inputFileListPaths = (
				"${PODS_ROOT}/Target Support Files/Pods-DIRTVisionInplayerWebviewLoginTests/Pods-DIRTVisionInplayerWebviewLoginTests-frameworks-${CONFIGURATION}-input-files.xcfilelist",
			);
			name = "[CP] Embed Pods Frameworks";
			outputFileListPaths = (
				"${PODS_ROOT}/Target Support Files/Pods-DIRTVisionInplayerWebviewLoginTests/Pods-DIRTVisionInplayerWebviewLoginTests-frameworks-${CONFIGURATION}-output-files.xcfilelist",
			);
			runOnlyForDeploymentPostprocessing = 0;
			shellPath = /bin/sh;
			shellScript = "\"${PODS_ROOT}/Target Support Files/Pods-DIRTVisionInplayerWebviewLoginTests/Pods-DIRTVisionInplayerWebviewLoginTests-frameworks.sh\"\n";
			showEnvVarsInLog = 0;
		};
		7CD44BC90A5063AD88427811 /* [CP] Check Pods Manifest.lock */ = {
			isa = PBXShellScriptBuildPhase;
			buildActionMask = 2147483647;
			files = (
			);
			inputFileListPaths = (
			);
			inputPaths = (
				"${PODS_PODFILE_DIR_PATH}/Podfile.lock",
				"${PODS_ROOT}/Manifest.lock",
			);
			name = "[CP] Check Pods Manifest.lock";
			outputFileListPaths = (
			);
			outputPaths = (
				"$(DERIVED_FILE_DIR)/Pods-DIRTVisionInplayerWebviewLogin-checkManifestLockResult.txt",
			);
			runOnlyForDeploymentPostprocessing = 0;
			shellPath = /bin/sh;
			shellScript = "diff \"${PODS_PODFILE_DIR_PATH}/Podfile.lock\" \"${PODS_ROOT}/Manifest.lock\" > /dev/null\nif [ $? != 0 ] ; then\n    # print error to STDERR\n    echo \"error: The sandbox is not in sync with the Podfile.lock. Run 'pod install' or update your CocoaPods installation.\" >&2\n    exit 1\nfi\n# This output is used by Xcode 'outputs' to avoid re-running this script phase.\necho \"SUCCESS\" > \"${SCRIPT_OUTPUT_FILE_0}\"\n";
			showEnvVarsInLog = 0;
		};
/* End PBXShellScriptBuildPhase section */

/* Begin PBXSourcesBuildPhase section */
		6A797524216BB99000CF6A80 /* Sources */ = {
			isa = PBXSourcesBuildPhase;
			buildActionMask = 2147483647;
			files = (
				6A95C0FB233A6C5400819FAF /* Constants.swift in Sources */,
				6A310F9B21FA080B00FAFA0C /* DIRTVisionInplayerWebviewLogin.swift in Sources */,
				6A95C0F9233A6C5400819FAF /* InPlayerWebViewController.swift in Sources */,
				6A682179235F06F00048DD11 /* APIClient.swift in Sources */,
				6A95C0FA233A6C5400819FAF /* FullScreenWKWebView.swift in Sources */,
				6A68217A235F06F00048DD11 /* Storage.swift in Sources */,
			);
			runOnlyForDeploymentPostprocessing = 0;
		};
		6A79752E216BB99100CF6A80 /* Sources */ = {
			isa = PBXSourcesBuildPhase;
			buildActionMask = 2147483647;
			files = (
				6A310F9E21FA086700FAFA0C /* DIRTVisionInplayerWebviewLoginTests.swift in Sources */,
			);
			runOnlyForDeploymentPostprocessing = 0;
		};
/* End PBXSourcesBuildPhase section */

/* Begin PBXTargetDependency section */
		6A797535216BB99100CF6A80 /* PBXTargetDependency */ = {
			isa = PBXTargetDependency;
			target = 6A797528216BB99000CF6A80 /* DIRTVisionInplayerWebviewLogin */;
			targetProxy = 6A797534216BB99100CF6A80 /* PBXContainerItemProxy */;
		};
/* End PBXTargetDependency section */

/* Begin XCBuildConfiguration section */
		6A79753B216BB99100CF6A80 /* Debug */ = {
			isa = XCBuildConfiguration;
			buildSettings = {
				ALWAYS_SEARCH_USER_PATHS = NO;
				CLANG_ANALYZER_NONNULL = YES;
				CLANG_ANALYZER_NUMBER_OBJECT_CONVERSION = YES_AGGRESSIVE;
				CLANG_CXX_LANGUAGE_STANDARD = "gnu++14";
				CLANG_CXX_LIBRARY = "libc++";
				CLANG_ENABLE_MODULES = YES;
				CLANG_ENABLE_OBJC_ARC = YES;
				CLANG_ENABLE_OBJC_WEAK = YES;
				CLANG_WARN_BLOCK_CAPTURE_AUTORELEASING = YES;
				CLANG_WARN_BOOL_CONVERSION = YES;
				CLANG_WARN_COMMA = YES;
				CLANG_WARN_CONSTANT_CONVERSION = YES;
				CLANG_WARN_DEPRECATED_OBJC_IMPLEMENTATIONS = YES;
				CLANG_WARN_DIRECT_OBJC_ISA_USAGE = YES_ERROR;
				CLANG_WARN_DOCUMENTATION_COMMENTS = YES;
				CLANG_WARN_EMPTY_BODY = YES;
				CLANG_WARN_ENUM_CONVERSION = YES;
				CLANG_WARN_INFINITE_RECURSION = YES;
				CLANG_WARN_INT_CONVERSION = YES;
				CLANG_WARN_NON_LITERAL_NULL_CONVERSION = YES;
				CLANG_WARN_OBJC_IMPLICIT_RETAIN_SELF = YES;
				CLANG_WARN_OBJC_LITERAL_CONVERSION = YES;
				CLANG_WARN_OBJC_ROOT_CLASS = YES_ERROR;
				CLANG_WARN_RANGE_LOOP_ANALYSIS = YES;
				CLANG_WARN_STRICT_PROTOTYPES = YES;
				CLANG_WARN_SUSPICIOUS_MOVE = YES;
				CLANG_WARN_UNGUARDED_AVAILABILITY = YES_AGGRESSIVE;
				CLANG_WARN_UNREACHABLE_CODE = YES;
				CLANG_WARN__DUPLICATE_METHOD_MATCH = YES;
				CODE_SIGN_IDENTITY = "iPhone Developer";
				COPY_PHASE_STRIP = NO;
				CURRENT_PROJECT_VERSION = 1;
				DEBUG_INFORMATION_FORMAT = dwarf;
				ENABLE_STRICT_OBJC_MSGSEND = YES;
				ENABLE_TESTABILITY = YES;
				GCC_C_LANGUAGE_STANDARD = gnu11;
				GCC_DYNAMIC_NO_PIC = NO;
				GCC_NO_COMMON_BLOCKS = YES;
				GCC_OPTIMIZATION_LEVEL = 0;
				GCC_PREPROCESSOR_DEFINITIONS = (
					"DEBUG=1",
					"$(inherited)",
				);
				GCC_WARN_64_TO_32_BIT_CONVERSION = YES;
				GCC_WARN_ABOUT_RETURN_TYPE = YES_ERROR;
				GCC_WARN_UNDECLARED_SELECTOR = YES;
				GCC_WARN_UNINITIALIZED_AUTOS = YES_AGGRESSIVE;
				GCC_WARN_UNUSED_FUNCTION = YES;
				GCC_WARN_UNUSED_VARIABLE = YES;
				IPHONEOS_DEPLOYMENT_TARGET = 10.0;
				MTL_ENABLE_DEBUG_INFO = YES;
				ONLY_ACTIVE_ARCH = YES;
				SDKROOT = iphoneos;
				SWIFT_ACTIVE_COMPILATION_CONDITIONS = DEBUG;
				SWIFT_OPTIMIZATION_LEVEL = "-Onone";
				SWIFT_VERSION = 4.2;
				VERSIONING_SYSTEM = "apple-generic";
				VERSION_INFO_PREFIX = "";
			};
			name = Debug;
		};
		6A79753C216BB99100CF6A80 /* Release */ = {
			isa = XCBuildConfiguration;
			buildSettings = {
				ALWAYS_SEARCH_USER_PATHS = NO;
				CLANG_ANALYZER_NONNULL = YES;
				CLANG_ANALYZER_NUMBER_OBJECT_CONVERSION = YES_AGGRESSIVE;
				CLANG_CXX_LANGUAGE_STANDARD = "gnu++14";
				CLANG_CXX_LIBRARY = "libc++";
				CLANG_ENABLE_MODULES = YES;
				CLANG_ENABLE_OBJC_ARC = YES;
				CLANG_ENABLE_OBJC_WEAK = YES;
				CLANG_WARN_BLOCK_CAPTURE_AUTORELEASING = YES;
				CLANG_WARN_BOOL_CONVERSION = YES;
				CLANG_WARN_COMMA = YES;
				CLANG_WARN_CONSTANT_CONVERSION = YES;
				CLANG_WARN_DEPRECATED_OBJC_IMPLEMENTATIONS = YES;
				CLANG_WARN_DIRECT_OBJC_ISA_USAGE = YES_ERROR;
				CLANG_WARN_DOCUMENTATION_COMMENTS = YES;
				CLANG_WARN_EMPTY_BODY = YES;
				CLANG_WARN_ENUM_CONVERSION = YES;
				CLANG_WARN_INFINITE_RECURSION = YES;
				CLANG_WARN_INT_CONVERSION = YES;
				CLANG_WARN_NON_LITERAL_NULL_CONVERSION = YES;
				CLANG_WARN_OBJC_IMPLICIT_RETAIN_SELF = YES;
				CLANG_WARN_OBJC_LITERAL_CONVERSION = YES;
				CLANG_WARN_OBJC_ROOT_CLASS = YES_ERROR;
				CLANG_WARN_RANGE_LOOP_ANALYSIS = YES;
				CLANG_WARN_STRICT_PROTOTYPES = YES;
				CLANG_WARN_SUSPICIOUS_MOVE = YES;
				CLANG_WARN_UNGUARDED_AVAILABILITY = YES_AGGRESSIVE;
				CLANG_WARN_UNREACHABLE_CODE = YES;
				CLANG_WARN__DUPLICATE_METHOD_MATCH = YES;
				CODE_SIGN_IDENTITY = "iPhone Developer";
				COPY_PHASE_STRIP = NO;
				CURRENT_PROJECT_VERSION = 1;
				DEBUG_INFORMATION_FORMAT = "dwarf-with-dsym";
				ENABLE_NS_ASSERTIONS = NO;
				ENABLE_STRICT_OBJC_MSGSEND = YES;
				GCC_C_LANGUAGE_STANDARD = gnu11;
				GCC_NO_COMMON_BLOCKS = YES;
				GCC_WARN_64_TO_32_BIT_CONVERSION = YES;
				GCC_WARN_ABOUT_RETURN_TYPE = YES_ERROR;
				GCC_WARN_UNDECLARED_SELECTOR = YES;
				GCC_WARN_UNINITIALIZED_AUTOS = YES_AGGRESSIVE;
				GCC_WARN_UNUSED_FUNCTION = YES;
				GCC_WARN_UNUSED_VARIABLE = YES;
				IPHONEOS_DEPLOYMENT_TARGET = 10.0;
				MTL_ENABLE_DEBUG_INFO = NO;
				SDKROOT = iphoneos;
				SWIFT_COMPILATION_MODE = wholemodule;
				SWIFT_OPTIMIZATION_LEVEL = "-O";
				SWIFT_VERSION = 4.2;
				VALIDATE_PRODUCT = YES;
				VERSIONING_SYSTEM = "apple-generic";
				VERSION_INFO_PREFIX = "";
			};
			name = Release;
		};
		6A79753E216BB99100CF6A80 /* Debug */ = {
			isa = XCBuildConfiguration;
			baseConfigurationReference = D85EA1E94F51ED1A8C307C65 /* Pods-DIRTVisionInplayerWebviewLogin.debug.xcconfig */;
			buildSettings = {
				CLANG_ENABLE_MODULES = YES;
				CODE_SIGN_IDENTITY = "";
				CODE_SIGN_STYLE = Automatic;
				DEFINES_MODULE = YES;
				DYLIB_COMPATIBILITY_VERSION = 1;
				DYLIB_CURRENT_VERSION = 1;
				DYLIB_INSTALL_NAME_BASE = "@rpath";
				INFOPLIST_FILE = "$(SRCROOT)/DIRTVisionInplayerWebviewLogin/Info.plist";
				INSTALL_PATH = "$(LOCAL_LIBRARY_DIR)/Frameworks";
				LD_RUNPATH_SEARCH_PATHS = (
					"$(inherited)",
					"@executable_path/Frameworks",
					"@loader_path/Frameworks",
				);
				MACH_O_TYPE = staticlib;
				PRODUCT_BUNDLE_IDENTIFIER = com.applicaster.DIRTVisionInplayerWebviewLogin;
				PRODUCT_NAME = "$(TARGET_NAME:c99extidentifier)";
				SKIP_INSTALL = YES;
				SWIFT_OPTIMIZATION_LEVEL = "-Onone";
				TARGETED_DEVICE_FAMILY = "1,2";
			};
			name = Debug;
		};
		6A79753F216BB99100CF6A80 /* Release */ = {
			isa = XCBuildConfiguration;
			baseConfigurationReference = D42D26863D25EBD2A7F4F374 /* Pods-DIRTVisionInplayerWebviewLogin.release.xcconfig */;
			buildSettings = {
				CLANG_ENABLE_MODULES = YES;
				CODE_SIGN_IDENTITY = "";
				CODE_SIGN_STYLE = Automatic;
				DEFINES_MODULE = YES;
				DYLIB_COMPATIBILITY_VERSION = 1;
				DYLIB_CURRENT_VERSION = 1;
				DYLIB_INSTALL_NAME_BASE = "@rpath";
				INFOPLIST_FILE = "$(SRCROOT)/DIRTVisionInplayerWebviewLogin/Info.plist";
				INSTALL_PATH = "$(LOCAL_LIBRARY_DIR)/Frameworks";
				LD_RUNPATH_SEARCH_PATHS = (
					"$(inherited)",
					"@executable_path/Frameworks",
					"@loader_path/Frameworks",
				);
				MACH_O_TYPE = staticlib;
				PRODUCT_BUNDLE_IDENTIFIER = com.applicaster.DIRTVisionInplayerWebviewLogin;
				PRODUCT_NAME = "$(TARGET_NAME:c99extidentifier)";
				SKIP_INSTALL = YES;
				TARGETED_DEVICE_FAMILY = "1,2";
			};
			name = Release;
		};
		6A797541216BB99100CF6A80 /* Debug */ = {
			isa = XCBuildConfiguration;
			baseConfigurationReference = 0E3601382B55B66B49FB12E5 /* Pods-DIRTVisionInplayerWebviewLoginTests.debug.xcconfig */;
			buildSettings = {
				CODE_SIGN_STYLE = Automatic;
				INFOPLIST_FILE = DIRTVisionInplayerWebviewLoginTests/Info.plist;
				LD_RUNPATH_SEARCH_PATHS = (
					"$(inherited)",
					"@executable_path/Frameworks",
					"@loader_path/Frameworks",
				);
				PRODUCT_BUNDLE_IDENTIFIER = com.applicaster.InPlayerWebviewLoginTests;
				PRODUCT_NAME = "$(TARGET_NAME)";
				TARGETED_DEVICE_FAMILY = "1,2";
			};
			name = Debug;
		};
		6A797542216BB99100CF6A80 /* Release */ = {
			isa = XCBuildConfiguration;
			baseConfigurationReference = 28E3E4675E3530C8C9F5AAEE /* Pods-DIRTVisionInplayerWebviewLoginTests.release.xcconfig */;
			buildSettings = {
				CODE_SIGN_STYLE = Automatic;
				INFOPLIST_FILE = DIRTVisionInplayerWebviewLoginTests/Info.plist;
				LD_RUNPATH_SEARCH_PATHS = (
					"$(inherited)",
					"@executable_path/Frameworks",
					"@loader_path/Frameworks",
				);
				PRODUCT_BUNDLE_IDENTIFIER = com.applicaster.InPlayerWebviewLoginTests;
				PRODUCT_NAME = "$(TARGET_NAME)";
				TARGETED_DEVICE_FAMILY = "1,2";
			};
			name = Release;
		};
/* End XCBuildConfiguration section */

/* Begin XCConfigurationList section */
		6A797523216BB99000CF6A80 /* Build configuration list for PBXProject "DIRTVisionInplayerWebviewLogin" */ = {
			isa = XCConfigurationList;
			buildConfigurations = (
				6A79753B216BB99100CF6A80 /* Debug */,
				6A79753C216BB99100CF6A80 /* Release */,
			);
			defaultConfigurationIsVisible = 0;
			defaultConfigurationName = Release;
		};
		6A79753D216BB99100CF6A80 /* Build configuration list for PBXNativeTarget "DIRTVisionInplayerWebviewLogin" */ = {
			isa = XCConfigurationList;
			buildConfigurations = (
				6A79753E216BB99100CF6A80 /* Debug */,
				6A79753F216BB99100CF6A80 /* Release */,
			);
			defaultConfigurationIsVisible = 0;
			defaultConfigurationName = Release;
		};
		6A797540216BB99100CF6A80 /* Build configuration list for PBXNativeTarget "DIRTVisionInplayerWebviewLoginTests" */ = {
			isa = XCConfigurationList;
			buildConfigurations = (
				6A797541216BB99100CF6A80 /* Debug */,
				6A797542216BB99100CF6A80 /* Release */,
			);
			defaultConfigurationIsVisible = 0;
			defaultConfigurationName = Release;
		};
/* End XCConfigurationList section */
	};
	rootObject = 6A797520216BB99000CF6A80 /* Project object */;
}
